
Microsoft Visual Studio Solution File, Format Version 12.00
# Visual Studio Version 16
VisualStudioVersion = 16.0.30011.22
MinimumVisualStudioVersion = 10.0.40219.1
Project("{FAE04EC0-301F-11D3-BF4B-00C04F79EFBC}") = "WindowsFormsProject", "WindowsFormsProject\WindowsFormsProject.csproj", "{A7DB31B1-177A-4BC6-B913-EBA90828AF16}"
EndProject
Project("{FAE04EC0-301F-11D3-BF4B-00C04F79EFBC}") = "Models", "Models\Models.csproj", "{A746E7B5-6CB8-4DCB-885F-3E364E3D88A7}"
EndProject
Project("{FAE04EC0-301F-11D3-BF4B-00C04F79EFBC}") = "DataAccess", "DataAccess\DataAccess.csproj", "{B8DD3204-C480-49BF-A7DB-39B47A1ED523}"
EndProject
Global
	GlobalSection(SolutionConfigurationPlatforms) = preSolution
		Debug|Any CPU = Debug|Any CPU
		Release|Any CPU = Release|Any CPU
	EndGlobalSection
	GlobalSection(ProjectConfigurationPlatforms) = postSolution
		{A7DB31B1-177A-4BC6-B913-EBA90828AF16}.Debug|Any CPU.ActiveCfg = Debug|Any CPU
		{A7DB31B1-177A-4BC6-B913-EBA90828AF16}.Debug|Any CPU.Build.0 = Debug|Any CPU
		{A7DB31B1-177A-4BC6-B913-EBA90828AF16}.Release|Any CPU.ActiveCfg = Release|Any CPU
		{A7DB31B1-177A-4BC6-B913-EBA90828AF16}.Release|Any CPU.Build.0 = Release|Any CPU
		{A746E7B5-6CB8-4DCB-885F-3E364E3D88A7}.Debug|Any CPU.ActiveCfg = Debug|Any CPU
		{A746E7B5-6CB8-4DCB-885F-3E364E3D88A7}.Debug|Any CPU.Build.0 = Debug|Any CPU
		{A746E7B5-6CB8-4DCB-885F-3E364E3D88A7}.Release|Any CPU.ActiveCfg = Release|Any CPU
		{A746E7B5-6CB8-4DCB-885F-3E364E3D88A7}.Release|Any CPU.Build.0 = Release|Any CPU
		{B8DD3204-C480-49BF-A7DB-39B47A1ED523}.Debug|Any CPU.ActiveCfg = Debug|Any CPU
		{B8DD3204-C480-49BF-A7DB-39B47A1ED523}.Debug|Any CPU.Build.0 = Debug|Any CPU
		{B8DD3204-C480-49BF-A7DB-39B47A1ED523}.Release|Any CPU.ActiveCfg = Release|Any CPU
		{B8DD3204-C480-49BF-A7DB-39B47A1ED523}.Release|Any CPU.Build.0 = Release|Any CPU
	EndGlobalSection
	GlobalSection(SolutionProperties) = preSolution
		HideSolutionNode = FALSE
	EndGlobalSection
	GlobalSection(ExtensibilityGlobals) = postSolution
		SolutionGuid = {27FC36DD-85E6-44AB-9641-9E97CA5CE10C}
	EndGlobalSection
EndGlobal
